
Microsoft Visual Studio Solution File, Format Version 12.00
# Visual Studio 15
VisualStudioVersion = 15.0.28307.1972
MinimumVisualStudioVersion = 10.0.40219.1
Project("{FAE04EC0-301F-11D3-BF4B-00C04F79EFBC}") = "GUI", "GUI\GUI.csproj", "{9FA45932-D300-4243-AEFA-9EA5CCDE05BD}"
EndProject
Project("{FAE04EC0-301F-11D3-BF4B-00C04F79EFBC}") = "BLL", "BLL\BLL.csproj", "{6B2C9C05-0471-4A85-A2F3-7AB057A32936}"
EndProject
Project("{FAE04EC0-301F-11D3-BF4B-00C04F79EFBC}") = "DAL", "DAL\DAL.csproj", "{696D2367-3321-4940-ABF4-2C2E84DE4E10}"
EndProject
Project("{FAE04EC0-301F-11D3-BF4B-00C04F79EFBC}") = "DTO", "DTO\DTO.csproj", "{F00A0528-3C19-4C19-A06F-5CD233DDEF76}"
EndProject
Project("{2150E333-8FDC-42A3-9474-1A3956D46DE8}") = "Solution Items", "Solution Items", "{738EC762-CFE1-4833-BC1C-BD3AE07B45F3}"
	ProjectSection(SolutionItems) = preProject
		TestSettings2.testsettings = TestSettings2.testsettings
	EndProjectSection
EndProject
Project("{FAE04EC0-301F-11D3-BF4B-00C04F79EFBC}") = "CodeUnitTest", "CodeUnitTest\CodeUnitTest.csproj", "{EB100936-913F-4A80-9D90-8ABFE9CACCF1}"
EndProject
Project("{FAE04EC0-301F-11D3-BF4B-00C04F79EFBC}") = "CodedUITest", "CodedUITest\CodedUITest.csproj", "{B679F012-49E1-4D9D-AB67-7D9ABC9D27EE}"
EndProject
Global
	GlobalSection(SolutionConfigurationPlatforms) = preSolution
		Debug|Any CPU = Debug|Any CPU
		Debug|x86 = Debug|x86
		Release|Any CPU = Release|Any CPU
		Release|x86 = Release|x86
	EndGlobalSection
	GlobalSection(ProjectConfigurationPlatforms) = postSolution
		{9FA45932-D300-4243-AEFA-9EA5CCDE05BD}.Debug|Any CPU.ActiveCfg = Debug|Any CPU
		{9FA45932-D300-4243-AEFA-9EA5CCDE05BD}.Debug|Any CPU.Build.0 = Debug|Any CPU
		{9FA45932-D300-4243-AEFA-9EA5CCDE05BD}.Debug|x86.ActiveCfg = Debug|Any CPU
		{9FA45932-D300-4243-AEFA-9EA5CCDE05BD}.Debug|x86.Build.0 = Debug|Any CPU
		{9FA45932-D300-4243-AEFA-9EA5CCDE05BD}.Release|Any CPU.ActiveCfg = Release|Any CPU
		{9FA45932-D300-4243-AEFA-9EA5CCDE05BD}.Release|Any CPU.Build.0 = Release|Any CPU
		{9FA45932-D300-4243-AEFA-9EA5CCDE05BD}.Release|x86.ActiveCfg = Release|Any CPU
		{9FA45932-D300-4243-AEFA-9EA5CCDE05BD}.Release|x86.Build.0 = Release|Any CPU
		{6B2C9C05-0471-4A85-A2F3-7AB057A32936}.Debug|Any CPU.ActiveCfg = Debug|Any CPU
		{6B2C9C05-0471-4A85-A2F3-7AB057A32936}.Debug|Any CPU.Build.0 = Debug|Any CPU
		{6B2C9C05-0471-4A85-A2F3-7AB057A32936}.Debug|x86.ActiveCfg = Debug|Any CPU
		{6B2C9C05-0471-4A85-A2F3-7AB057A32936}.Debug|x86.Build.0 = Debug|Any CPU
		{6B2C9C05-0471-4A85-A2F3-7AB057A32936}.Release|Any CPU.ActiveCfg = Release|Any CPU
		{6B2C9C05-0471-4A85-A2F3-7AB057A32936}.Release|Any CPU.Build.0 = Release|Any CPU
		{6B2C9C05-0471-4A85-A2F3-7AB057A32936}.Release|x86.ActiveCfg = Release|Any CPU
		{6B2C9C05-0471-4A85-A2F3-7AB057A32936}.Release|x86.Build.0 = Release|Any CPU
		{696D2367-3321-4940-ABF4-2C2E84DE4E10}.Debug|Any CPU.ActiveCfg = Debug|Any CPU
		{696D2367-3321-4940-ABF4-2C2E84DE4E10}.Debug|Any CPU.Build.0 = Debug|Any CPU
		{696D2367-3321-4940-ABF4-2C2E84DE4E10}.Debug|x86.ActiveCfg = Debug|Any CPU
		{696D2367-3321-4940-ABF4-2C2E84DE4E10}.Debug|x86.Build.0 = Debug|Any CPU
		{696D2367-3321-4940-ABF4-2C2E84DE4E10}.Release|Any CPU.ActiveCfg = Release|Any CPU
		{696D2367-3321-4940-ABF4-2C2E84DE4E10}.Release|Any CPU.Build.0 = Release|Any CPU
		{696D2367-3321-4940-ABF4-2C2E84DE4E10}.Release|x86.ActiveCfg = Release|Any CPU
		{696D2367-3321-4940-ABF4-2C2E84DE4E10}.Release|x86.Build.0 = Release|Any CPU
		{F00A0528-3C19-4C19-A06F-5CD233DDEF76}.Debug|Any CPU.ActiveCfg = Debug|Any CPU
		{F00A0528-3C19-4C19-A06F-5CD233DDEF76}.Debug|Any CPU.Build.0 = Debug|Any CPU
		{F00A0528-3C19-4C19-A06F-5CD233DDEF76}.Debug|x86.ActiveCfg = Debug|Any CPU
		{F00A0528-3C19-4C19-A06F-5CD233DDEF76}.Debug|x86.Build.0 = Debug|Any CPU
		{F00A0528-3C19-4C19-A06F-5CD233DDEF76}.Release|Any CPU.ActiveCfg = Release|Any CPU
		{F00A0528-3C19-4C19-A06F-5CD233DDEF76}.Release|Any CPU.Build.0 = Release|Any CPU
		{F00A0528-3C19-4C19-A06F-5CD233DDEF76}.Release|x86.ActiveCfg = Release|Any CPU
		{F00A0528-3C19-4C19-A06F-5CD233DDEF76}.Release|x86.Build.0 = Release|Any CPU
		{EB100936-913F-4A80-9D90-8ABFE9CACCF1}.Debug|Any CPU.ActiveCfg = Debug|Any CPU
		{EB100936-913F-4A80-9D90-8ABFE9CACCF1}.Debug|Any CPU.Build.0 = Debug|Any CPU
		{EB100936-913F-4A80-9D90-8ABFE9CACCF1}.Debug|x86.ActiveCfg = Debug|Any CPU
		{EB100936-913F-4A80-9D90-8ABFE9CACCF1}.Debug|x86.Build.0 = Debug|Any CPU
		{EB100936-913F-4A80-9D90-8ABFE9CACCF1}.Release|Any CPU.ActiveCfg = Release|Any CPU
		{EB100936-913F-4A80-9D90-8ABFE9CACCF1}.Release|Any CPU.Build.0 = Release|Any CPU
		{EB100936-913F-4A80-9D90-8ABFE9CACCF1}.Release|x86.ActiveCfg = Release|Any CPU
		{EB100936-913F-4A80-9D90-8ABFE9CACCF1}.Release|x86.Build.0 = Release|Any CPU
		{B679F012-49E1-4D9D-AB67-7D9ABC9D27EE}.Debug|Any CPU.ActiveCfg = Debug|Any CPU
		{B679F012-49E1-4D9D-AB67-7D9ABC9D27EE}.Debug|Any CPU.Build.0 = Debug|Any CPU
		{B679F012-49E1-4D9D-AB67-7D9ABC9D27EE}.Debug|x86.ActiveCfg = Debug|Any CPU
		{B679F012-49E1-4D9D-AB67-7D9ABC9D27EE}.Debug|x86.Build.0 = Debug|Any CPU
		{B679F012-49E1-4D9D-AB67-7D9ABC9D27EE}.Release|Any CPU.ActiveCfg = Release|Any CPU
		{B679F012-49E1-4D9D-AB67-7D9ABC9D27EE}.Release|Any CPU.Build.0 = Release|Any CPU
		{B679F012-49E1-4D9D-AB67-7D9ABC9D27EE}.Release|x86.ActiveCfg = Release|Any CPU
		{B679F012-49E1-4D9D-AB67-7D9ABC9D27EE}.Release|x86.Build.0 = Release|Any CPU
	EndGlobalSection
	GlobalSection(SolutionProperties) = preSolution
		HideSolutionNode = FALSE
	EndGlobalSection
	GlobalSection(ExtensibilityGlobals) = postSolution
		SolutionGuid = {609C4C66-08C4-48D0-A076-1C936254207D}
	EndGlobalSection
EndGlobal
